{
  "requires": true,
  "lockfileVersion": 1,
  "dependencies": {
    "vue-cli-plugin-quasar": {
      "version": "2.0.2",
      "resolved": "https://registry.npmjs.org/vue-cli-plugin-quasar/-/vue-cli-plugin-quasar-2.0.2.tgz",
      "integrity": "sha512-wHtjjKEpTq1vAhiRHRids/DDx1r1A53q/LVc2PgeI7sycbBLDdGhY3+XnysmME+OMReecqOP1IhNC7b8hL09tA==",
      "dev": true
    }
  }
}
